
Microsoft Visual Studio Solution File, Format Version 12.00
# Visual Studio Version 17
VisualStudioVersion = 17.3.32929.385
MinimumVisualStudioVersion = 10.0.40219.1
Project("{8BC9CEB8-8B4A-11D0-8D11-00A0C91BC942}") = "PARCM_P1", "PARCM_P1\PARCM_P1.vcxproj", "{C2C77643-1288-4F27-AE27-E2A6C1FA8D7E}"
EndProject
Global
	GlobalSection(SolutionConfigurationPlatforms) = preSolution
		Debug|x64 = Debug|x64
		Debug|x86 = Debug|x86
		Release|x64 = Release|x64
		Release|x86 = Release|x86
	EndGlobalSection
	GlobalSection(ProjectConfigurationPlatforms) = postSolution
		{C2C77643-1288-4F27-AE27-E2A6C1FA8D7E}.Debug|x64.ActiveCfg = Debug|x64
		{C2C77643-1288-4F27-AE27-E2A6C1FA8D7E}.Debug|x64.Build.0 = Debug|x64
		{C2C77643-1288-4F27-AE27-E2A6C1FA8D7E}.Debug|x86.ActiveCfg = Debug|Win32
		{C2C77643-1288-4F27-AE27-E2A6C1FA8D7E}.Debug|x86.Build.0 = Debug|Win32
		{C2C77643-1288-4F27-AE27-E2A6C1FA8D7E}.Release|x64.ActiveCfg = Release|x64
		{C2C77643-1288-4F27-AE27-E2A6C1FA8D7E}.Release|x64.Build.0 = Release|x64
		{C2C77643-1288-4F27-AE27-E2A6C1FA8D7E}.Release|x86.ActiveCfg = Release|Win32
		{C2C77643-1288-4F27-AE27-E2A6C1FA8D7E}.Release|x86.Build.0 = Release|Win32
	EndGlobalSection
	GlobalSection(SolutionProperties) = preSolution
		HideSolutionNode = FALSE
	EndGlobalSection
	GlobalSection(ExtensibilityGlobals) = postSolution
		SolutionGuid = {FEBA7839-8DEF-4759-8FD1-C9DDECDBE48F}
	EndGlobalSection
EndGlobal
